
Microsoft Visual Studio Solution File, Format Version 12.00
# Visual Studio Version 16
VisualStudioVersion = 16.0.31729.503
MinimumVisualStudioVersion = 10.0.40219.1
Project("{FAE04EC0-301F-11D3-BF4B-00C04F79EFBC}") = "TankWheel.View", "TankWheel\TankWheel.View.csproj", "{D3CF3219-498E-47EE-A6C1-3C920ADFF46F}"
EndProject
Project("{FAE04EC0-301F-11D3-BF4B-00C04F79EFBC}") = "TankWheel.Model", "..\TankWheel.Model\TankWheel.Model\TankWheel.Model.csproj", "{DB1DAFB5-001F-46B6-B9C0-B2E1E8CB4E35}"
EndProject
Project("{FAE04EC0-301F-11D3-BF4B-00C04F79EFBC}") = "TankWheel.ViewModel", "..\TankWheel.ViewModel\TankWheel.ViewModel.csproj", "{18D6DD45-3683-4215-A6AB-1137F6034ABF}"
EndProject
Global
	GlobalSection(SolutionConfigurationPlatforms) = preSolution
		Debug|Any CPU = Debug|Any CPU
		Debug|ARM = Debug|ARM
		Debug|ARM64 = Debug|ARM64
		Debug|x64 = Debug|x64
		Debug|x86 = Debug|x86
		Release|Any CPU = Release|Any CPU
		Release|ARM = Release|ARM
		Release|ARM64 = Release|ARM64
		Release|x64 = Release|x64
		Release|x86 = Release|x86
	EndGlobalSection
	GlobalSection(ProjectConfigurationPlatforms) = postSolution
		{D3CF3219-498E-47EE-A6C1-3C920ADFF46F}.Debug|Any CPU.ActiveCfg = Debug|Any CPU
		{D3CF3219-498E-47EE-A6C1-3C920ADFF46F}.Debug|Any CPU.Build.0 = Debug|Any CPU
		{D3CF3219-498E-47EE-A6C1-3C920ADFF46F}.Debug|ARM.ActiveCfg = Debug|Any CPU
		{D3CF3219-498E-47EE-A6C1-3C920ADFF46F}.Debug|ARM.Build.0 = Debug|Any CPU
		{D3CF3219-498E-47EE-A6C1-3C920ADFF46F}.Debug|ARM64.ActiveCfg = Debug|Any CPU
		{D3CF3219-498E-47EE-A6C1-3C920ADFF46F}.Debug|ARM64.Build.0 = Debug|Any CPU
		{D3CF3219-498E-47EE-A6C1-3C920ADFF46F}.Debug|x64.ActiveCfg = Debug|Any CPU
		{D3CF3219-498E-47EE-A6C1-3C920ADFF46F}.Debug|x64.Build.0 = Debug|Any CPU
		{D3CF3219-498E-47EE-A6C1-3C920ADFF46F}.Debug|x86.ActiveCfg = Debug|Any CPU
		{D3CF3219-498E-47EE-A6C1-3C920ADFF46F}.Debug|x86.Build.0 = Debug|Any CPU
		{D3CF3219-498E-47EE-A6C1-3C920ADFF46F}.Release|Any CPU.ActiveCfg = Release|Any CPU
		{D3CF3219-498E-47EE-A6C1-3C920ADFF46F}.Release|Any CPU.Build.0 = Release|Any CPU
		{D3CF3219-498E-47EE-A6C1-3C920ADFF46F}.Release|ARM.ActiveCfg = Release|Any CPU
		{D3CF3219-498E-47EE-A6C1-3C920ADFF46F}.Release|ARM.Build.0 = Release|Any CPU
		{D3CF3219-498E-47EE-A6C1-3C920ADFF46F}.Release|ARM64.ActiveCfg = Release|Any CPU
		{D3CF3219-498E-47EE-A6C1-3C920ADFF46F}.Release|ARM64.Build.0 = Release|Any CPU
		{D3CF3219-498E-47EE-A6C1-3C920ADFF46F}.Release|x64.ActiveCfg = Release|Any CPU
		{D3CF3219-498E-47EE-A6C1-3C920ADFF46F}.Release|x64.Build.0 = Release|Any CPU
		{D3CF3219-498E-47EE-A6C1-3C920ADFF46F}.Release|x86.ActiveCfg = Release|Any CPU
		{D3CF3219-498E-47EE-A6C1-3C920ADFF46F}.Release|x86.Build.0 = Release|Any CPU
		{DB1DAFB5-001F-46B6-B9C0-B2E1E8CB4E35}.Debug|Any CPU.ActiveCfg = Debug|Any CPU
		{DB1DAFB5-001F-46B6-B9C0-B2E1E8CB4E35}.Debug|Any CPU.Build.0 = Debug|Any CPU
		{DB1DAFB5-001F-46B6-B9C0-B2E1E8CB4E35}.Debug|ARM.ActiveCfg = Debug|Any CPU
		{DB1DAFB5-001F-46B6-B9C0-B2E1E8CB4E35}.Debug|ARM.Build.0 = Debug|Any CPU
		{DB1DAFB5-001F-46B6-B9C0-B2E1E8CB4E35}.Debug|ARM64.ActiveCfg = Debug|Any CPU
		{DB1DAFB5-001F-46B6-B9C0-B2E1E8CB4E35}.Debug|ARM64.Build.0 = Debug|Any CPU
		{DB1DAFB5-001F-46B6-B9C0-B2E1E8CB4E35}.Debug|x64.ActiveCfg = Debug|Any CPU
		{DB1DAFB5-001F-46B6-B9C0-B2E1E8CB4E35}.Debug|x64.Build.0 = Debug|Any CPU
		{DB1DAFB5-001F-46B6-B9C0-B2E1E8CB4E35}.Debug|x86.ActiveCfg = Debug|Any CPU
		{DB1DAFB5-001F-46B6-B9C0-B2E1E8CB4E35}.Debug|x86.Build.0 = Debug|Any CPU
		{DB1DAFB5-001F-46B6-B9C0-B2E1E8CB4E35}.Release|Any CPU.ActiveCfg = Release|Any CPU
		{DB1DAFB5-001F-46B6-B9C0-B2E1E8CB4E35}.Release|Any CPU.Build.0 = Release|Any CPU
		{DB1DAFB5-001F-46B6-B9C0-B2E1E8CB4E35}.Release|ARM.ActiveCfg = Release|Any CPU
		{DB1DAFB5-001F-46B6-B9C0-B2E1E8CB4E35}.Release|ARM.Build.0 = Release|Any CPU
		{DB1DAFB5-001F-46B6-B9C0-B2E1E8CB4E35}.Release|ARM64.ActiveCfg = Release|Any CPU
		{DB1DAFB5-001F-46B6-B9C0-B2E1E8CB4E35}.Release|ARM64.Build.0 = Release|Any CPU
		{DB1DAFB5-001F-46B6-B9C0-B2E1E8CB4E35}.Release|x64.ActiveCfg = Release|Any CPU
		{DB1DAFB5-001F-46B6-B9C0-B2E1E8CB4E35}.Release|x64.Build.0 = Release|Any CPU
		{DB1DAFB5-001F-46B6-B9C0-B2E1E8CB4E35}.Release|x86.ActiveCfg = Release|Any CPU
		{DB1DAFB5-001F-46B6-B9C0-B2E1E8CB4E35}.Release|x86.Build.0 = Release|Any CPU
		{18D6DD45-3683-4215-A6AB-1137F6034ABF}.Debug|Any CPU.ActiveCfg = Debug|Any CPU
		{18D6DD45-3683-4215-A6AB-1137F6034ABF}.Debug|Any CPU.Build.0 = Debug|Any CPU
		{18D6DD45-3683-4215-A6AB-1137F6034ABF}.Debug|ARM.ActiveCfg = Debug|Any CPU
		{18D6DD45-3683-4215-A6AB-1137F6034ABF}.Debug|ARM.Build.0 = Debug|Any CPU
		{18D6DD45-3683-4215-A6AB-1137F6034ABF}.Debug|ARM64.ActiveCfg = Debug|Any CPU
		{18D6DD45-3683-4215-A6AB-1137F6034ABF}.Debug|ARM64.Build.0 = Debug|Any CPU
		{18D6DD45-3683-4215-A6AB-1137F6034ABF}.Debug|x64.ActiveCfg = Debug|Any CPU
		{18D6DD45-3683-4215-A6AB-1137F6034ABF}.Debug|x64.Build.0 = Debug|Any CPU
		{18D6DD45-3683-4215-A6AB-1137F6034ABF}.Debug|x86.ActiveCfg = Debug|Any CPU
		{18D6DD45-3683-4215-A6AB-1137F6034ABF}.Debug|x86.Build.0 = Debug|Any CPU
		{18D6DD45-3683-4215-A6AB-1137F6034ABF}.Release|Any CPU.ActiveCfg = Release|Any CPU
		{18D6DD45-3683-4215-A6AB-1137F6034ABF}.Release|Any CPU.Build.0 = Release|Any CPU
		{18D6DD45-3683-4215-A6AB-1137F6034ABF}.Release|ARM.ActiveCfg = Release|Any CPU
		{18D6DD45-3683-4215-A6AB-1137F6034ABF}.Release|ARM.Build.0 = Release|Any CPU
		{18D6DD45-3683-4215-A6AB-1137F6034ABF}.Release|ARM64.ActiveCfg = Release|Any CPU
		{18D6DD45-3683-4215-A6AB-1137F6034ABF}.Release|ARM64.Build.0 = Release|Any CPU
		{18D6DD45-3683-4215-A6AB-1137F6034ABF}.Release|x64.ActiveCfg = Release|Any CPU
		{18D6DD45-3683-4215-A6AB-1137F6034ABF}.Release|x64.Build.0 = Release|Any CPU
		{18D6DD45-3683-4215-A6AB-1137F6034ABF}.Release|x86.ActiveCfg = Release|Any CPU
		{18D6DD45-3683-4215-A6AB-1137F6034ABF}.Release|x86.Build.0 = Release|Any CPU
	EndGlobalSection
	GlobalSection(SolutionProperties) = preSolution
		HideSolutionNode = FALSE
	EndGlobalSection
	GlobalSection(ExtensibilityGlobals) = postSolution
		SolutionGuid = {CE6212C5-309E-404D-AEAF-BE905E5EBA53}
	EndGlobalSection
EndGlobal
